
Microsoft Visual Studio Solution File, Format Version 12.00
# Visual Studio 14
VisualStudioVersion = 14.0.25420.1
MinimumVisualStudioVersion = 10.0.40219.1
Project("{FAE04EC0-301F-11D3-BF4B-00C04F79EFBC}") = "workforce-project-api", "workforce-project-api\workforce-project-api.csproj", "{BA6C375A-B294-42E0-8CC3-4F19EDC786D4}"
EndProject
Project("{FAE04EC0-301F-11D3-BF4B-00C04F79EFBC}") = "Model", "Model\Model.csproj", "{0305E1E0-036B-4121-B2A8-CAE2193D6F3D}"
EndProject
Project("{FAE04EC0-301F-11D3-BF4B-00C04F79EFBC}") = "Repository", "Repository\Repository.csproj", "{2F131784-F406-4018-B7E1-CB605BABC400}"
EndProject
Project("{FAE04EC0-301F-11D3-BF4B-00C04F79EFBC}") = "RepoTesting", "RepoTesting\RepoTesting.csproj", "{D950A896-ADBC-40FB-8CE5-6BFB1F61F7F8}"
EndProject
Global
	GlobalSection(SolutionConfigurationPlatforms) = preSolution
		Debug|Any CPU = Debug|Any CPU
		Release|Any CPU = Release|Any CPU
	EndGlobalSection
	GlobalSection(ProjectConfigurationPlatforms) = postSolution
		{BA6C375A-B294-42E0-8CC3-4F19EDC786D4}.Debug|Any CPU.ActiveCfg = Debug|Any CPU
		{BA6C375A-B294-42E0-8CC3-4F19EDC786D4}.Debug|Any CPU.Build.0 = Debug|Any CPU
		{BA6C375A-B294-42E0-8CC3-4F19EDC786D4}.Release|Any CPU.ActiveCfg = Release|Any CPU
		{BA6C375A-B294-42E0-8CC3-4F19EDC786D4}.Release|Any CPU.Build.0 = Release|Any CPU
		{0305E1E0-036B-4121-B2A8-CAE2193D6F3D}.Debug|Any CPU.ActiveCfg = Debug|Any CPU
		{0305E1E0-036B-4121-B2A8-CAE2193D6F3D}.Debug|Any CPU.Build.0 = Debug|Any CPU
		{0305E1E0-036B-4121-B2A8-CAE2193D6F3D}.Release|Any CPU.ActiveCfg = Release|Any CPU
		{0305E1E0-036B-4121-B2A8-CAE2193D6F3D}.Release|Any CPU.Build.0 = Release|Any CPU
		{2F131784-F406-4018-B7E1-CB605BABC400}.Debug|Any CPU.ActiveCfg = Debug|Any CPU
		{2F131784-F406-4018-B7E1-CB605BABC400}.Debug|Any CPU.Build.0 = Debug|Any CPU
		{2F131784-F406-4018-B7E1-CB605BABC400}.Release|Any CPU.ActiveCfg = Release|Any CPU
		{2F131784-F406-4018-B7E1-CB605BABC400}.Release|Any CPU.Build.0 = Release|Any CPU
		{D950A896-ADBC-40FB-8CE5-6BFB1F61F7F8}.Debug|Any CPU.ActiveCfg = Debug|Any CPU
		{D950A896-ADBC-40FB-8CE5-6BFB1F61F7F8}.Debug|Any CPU.Build.0 = Debug|Any CPU
		{D950A896-ADBC-40FB-8CE5-6BFB1F61F7F8}.Release|Any CPU.ActiveCfg = Release|Any CPU
		{D950A896-ADBC-40FB-8CE5-6BFB1F61F7F8}.Release|Any CPU.Build.0 = Release|Any CPU
	EndGlobalSection
	GlobalSection(SolutionProperties) = preSolution
		HideSolutionNode = FALSE
	EndGlobalSection
EndGlobal
